
Microsoft Visual Studio Solution File, Format Version 12.00
# Visual Studio Version 16
VisualStudioVersion = 16.0.30114.105
MinimumVisualStudioVersion = 10.0.40219.1
Project("{F2A71F9B-5D33-465A-A702-920D77279786}") = "Tests", "Tests\Tests.fsproj", "{FC1CB17B-7E8B-4A45-899B-9B34D85B2FCE}"
EndProject
Project("{F2A71F9B-5D33-465A-A702-920D77279786}") = "Main", "Main\Main.fsproj", "{C3C5A66F-A5A5-4DA8-B91B-D5C279A08138}"
EndProject
Global
	GlobalSection(SolutionProperties) = preSolution
		HideSolutionNode = FALSE
	EndGlobalSection
	GlobalSection(SolutionConfigurationPlatforms) = preSolution
		Debug|Any CPU = Debug|Any CPU
		Debug|x64 = Debug|x64
		Debug|x86 = Debug|x86
		Release|Any CPU = Release|Any CPU
		Release|x64 = Release|x64
		Release|x86 = Release|x86
	EndGlobalSection
	GlobalSection(ProjectConfigurationPlatforms) = postSolution
		{FC1CB17B-7E8B-4A45-899B-9B34D85B2FCE}.Debug|Any CPU.ActiveCfg = Debug|Any CPU
		{FC1CB17B-7E8B-4A45-899B-9B34D85B2FCE}.Debug|Any CPU.Build.0 = Debug|Any CPU
		{FC1CB17B-7E8B-4A45-899B-9B34D85B2FCE}.Debug|x64.ActiveCfg = Debug|Any CPU
		{FC1CB17B-7E8B-4A45-899B-9B34D85B2FCE}.Debug|x64.Build.0 = Debug|Any CPU
		{FC1CB17B-7E8B-4A45-899B-9B34D85B2FCE}.Debug|x86.ActiveCfg = Debug|Any CPU
		{FC1CB17B-7E8B-4A45-899B-9B34D85B2FCE}.Debug|x86.Build.0 = Debug|Any CPU
		{FC1CB17B-7E8B-4A45-899B-9B34D85B2FCE}.Release|Any CPU.ActiveCfg = Release|Any CPU
		{FC1CB17B-7E8B-4A45-899B-9B34D85B2FCE}.Release|Any CPU.Build.0 = Release|Any CPU
		{FC1CB17B-7E8B-4A45-899B-9B34D85B2FCE}.Release|x64.ActiveCfg = Release|Any CPU
		{FC1CB17B-7E8B-4A45-899B-9B34D85B2FCE}.Release|x64.Build.0 = Release|Any CPU
		{FC1CB17B-7E8B-4A45-899B-9B34D85B2FCE}.Release|x86.ActiveCfg = Release|Any CPU
		{FC1CB17B-7E8B-4A45-899B-9B34D85B2FCE}.Release|x86.Build.0 = Release|Any CPU
		{C3C5A66F-A5A5-4DA8-B91B-D5C279A08138}.Debug|Any CPU.ActiveCfg = Debug|Any CPU
		{C3C5A66F-A5A5-4DA8-B91B-D5C279A08138}.Debug|Any CPU.Build.0 = Debug|Any CPU
		{C3C5A66F-A5A5-4DA8-B91B-D5C279A08138}.Debug|x64.ActiveCfg = Debug|Any CPU
		{C3C5A66F-A5A5-4DA8-B91B-D5C279A08138}.Debug|x64.Build.0 = Debug|Any CPU
		{C3C5A66F-A5A5-4DA8-B91B-D5C279A08138}.Debug|x86.ActiveCfg = Debug|Any CPU
		{C3C5A66F-A5A5-4DA8-B91B-D5C279A08138}.Debug|x86.Build.0 = Debug|Any CPU
		{C3C5A66F-A5A5-4DA8-B91B-D5C279A08138}.Release|Any CPU.ActiveCfg = Release|Any CPU
		{C3C5A66F-A5A5-4DA8-B91B-D5C279A08138}.Release|Any CPU.Build.0 = Release|Any CPU
		{C3C5A66F-A5A5-4DA8-B91B-D5C279A08138}.Release|x64.ActiveCfg = Release|Any CPU
		{C3C5A66F-A5A5-4DA8-B91B-D5C279A08138}.Release|x64.Build.0 = Release|Any CPU
		{C3C5A66F-A5A5-4DA8-B91B-D5C279A08138}.Release|x86.ActiveCfg = Release|Any CPU
		{C3C5A66F-A5A5-4DA8-B91B-D5C279A08138}.Release|x86.Build.0 = Release|Any CPU
	EndGlobalSection
EndGlobal
